
Microsoft Visual Studio Solution File, Format Version 12.00
# Visual Studio Version 17
VisualStudioVersion = 17.2.32519.379
MinimumVisualStudioVersion = 10.0.40219.1
Project("{FAE04EC0-301F-11D3-BF4B-00C04F79EFBC}") = "CalculateImc", "CalculateImc.csproj", "{24215DE3-FECE-418D-920F-F29151A39ED5}"
EndProject
Global
	GlobalSection(SolutionConfigurationPlatforms) = preSolution
		Debug|Any CPU = Debug|Any CPU
		Release|Any CPU = Release|Any CPU
	EndGlobalSection
	GlobalSection(ProjectConfigurationPlatforms) = postSolution
		{24215DE3-FECE-418D-920F-F29151A39ED5}.Debug|Any CPU.ActiveCfg = Debug|Any CPU
		{24215DE3-FECE-418D-920F-F29151A39ED5}.Debug|Any CPU.Build.0 = Debug|Any CPU
		{24215DE3-FECE-418D-920F-F29151A39ED5}.Release|Any CPU.ActiveCfg = Release|Any CPU
		{24215DE3-FECE-418D-920F-F29151A39ED5}.Release|Any CPU.Build.0 = Release|Any CPU
	EndGlobalSection
	GlobalSection(SolutionProperties) = preSolution
		HideSolutionNode = FALSE
	EndGlobalSection
	GlobalSection(ExtensibilityGlobals) = postSolution
		SolutionGuid = {6C6585C3-2164-4235-977C-0B813562F61A}
	EndGlobalSection
EndGlobal
